// !$*UTF8*$!
{
	archiveVersion = 1;
	classes = {
	};
	objectVersion = 48;
	objects = {

/* Begin PBXBuildFile section */
		4E090A3A1F8E57F5005179F8 /* AppDelegate.swift in Sources */ = {isa = PBXBuildFile; fileRef = 4E090A391F8E57F5005179F8 /* AppDelegate.swift */; };
		4E090A3C1F8E57F5005179F8 /* ViewController.swift in Sources */ = {isa = PBXBuildFile; fileRef = 4E090A3B1F8E57F5005179F8 /* ViewController.swift */; };
		4E090A3F1F8E57F5005179F8 /* Main.storyboard in Resources */ = {isa = PBXBuildFile; fileRef = 4E090A3D1F8E57F5005179F8 /* Main.storyboard */; };
		4E090A411F8E57F5005179F8 /* Assets.xcassets in Resources */ = {isa = PBXBuildFile; fileRef = 4E090A401F8E57F5005179F8 /* Assets.xcassets */; };
		4E090A441F8E57F5005179F8 /* LaunchScreen.storyboard in Resources */ = {isa = PBXBuildFile; fileRef = 4E090A421F8E57F5005179F8 /* LaunchScreen.storyboard */; };
		4E090A4F1F8E57F5005179F8 /* dev_profileTests.swift in Sources */ = {isa = PBXBuildFile; fileRef = 4E090A4E1F8E57F5005179F8 /* dev_profileTests.swift */; };
		4E090A5A1F8E57F5005179F8 /* dev_profileUITests.swift in Sources */ = {isa = PBXBuildFile; fileRef = 4E090A591F8E57F5005179F8 /* dev_profileUITests.swift */; };
		4E090A691F8E5B47005179F8 /* CornerRadius.swift in Sources */ = {isa = PBXBuildFile; fileRef = 4E090A681F8E5B47005179F8 /* CornerRadius.swift */; };
/* End PBXBuildFile section */

/* Begin PBXContainerItemProxy section */
		4E090A4B1F8E57F5005179F8 /* PBXContainerItemProxy */ = {
			isa = PBXContainerItemProxy;
			containerPortal = 4E090A2E1F8E57F5005179F8 /* Project object */;
			proxyType = 1;
			remoteGlobalIDString = 4E090A351F8E57F5005179F8;
			remoteInfo = "dev-profile";
		};
		4E090A561F8E57F5005179F8 /* PBXContainerItemProxy */ = {
			isa = PBXContainerItemProxy;
			containerPortal = 4E090A2E1F8E57F5005179F8 /* Project object */;
			proxyType = 1;
			remoteGlobalIDString = 4E090A351F8E57F5005179F8;
			remoteInfo = "dev-profile";
		};
/* End PBXContainerItemProxy section */

/* Begin PBXFileReference section */
		4E090A361F8E57F5005179F8 /* dev-profile.app */ = {isa = PBXFileReference; explicitFileType = wrapper.application; includeInIndex = 0; path = "dev-profile.app"; sourceTree = BUILT_PRODUCTS_DIR; };
		4E090A391F8E57F5005179F8 /* AppDelegate.swift */ = {isa = PBXFileReference; lastKnownFileType = sourcecode.swift; path = AppDelegate.swift; sourceTree = "<group>"; };
		4E090A3B1F8E57F5005179F8 /* ViewController.swift */ = {isa = PBXFileReference; lastKnownFileType = sourcecode.swift; path = ViewController.swift; sourceTree = "<group>"; };
		4E090A3E1F8E57F5005179F8 /* Base */ = {isa = PBXFileReference; lastKnownFileType = file.storyboard; name = Base; path = Base.lproj/Main.storyboard; sourceTree = "<group>"; };
		4E090A401F8E57F5005179F8 /* Assets.xcassets */ = {isa = PBXFileReference; lastKnownFileType = folder.assetcatalog; path = Assets.xcassets; sourceTree = "<group>"; };
		4E090A431F8E57F5005179F8 /* Base */ = {isa = PBXFileReference; lastKnownFileType = file.storyboard; name = Base; path = Base.lproj/LaunchScreen.storyboard; sourceTree = "<group>"; };
		4E090A451F8E57F5005179F8 /* Info.plist */ = {isa = PBXFileReference; lastKnownFileType = text.plist.xml; path = Info.plist; sourceTree = "<group>"; };
		4E090A4A1F8E57F5005179F8 /* dev-profileTests.xctest */ = {isa = PBXFileReference; explicitFileType = wrapper.cfbundle; includeInIndex = 0; path = "dev-profileTests.xctest"; sourceTree = BUILT_PRODUCTS_DIR; };
		4E090A4E1F8E57F5005179F8 /* dev_profileTests.swift */ = {isa = PBXFileReference; lastKnownFileType = sourcecode.swift; path = dev_profileTests.swift; sourceTree = "<group>"; };
		4E090A501F8E57F5005179F8 /* Info.plist */ = {isa = PBXFileReference; lastKnownFileType = text.plist.xml; path = Info.plist; sourceTree = "<group>"; };
		4E090A551F8E57F5005179F8 /* dev-profileUITests.xctest */ = {isa = PBXFileReference; explicitFileType = wrapper.cfbundle; includeInIndex = 0; path = "dev-profileUITests.xctest"; sourceTree = BUILT_PRODUCTS_DIR; };
		4E090A591F8E57F5005179F8 /* dev_profileUITests.swift */ = {isa = PBXFileReference; lastKnownFileType = sourcecode.swift; path = dev_profileUITests.swift; sourceTree = "<group>"; };
		4E090A5B1F8E57F5005179F8 /* Info.plist */ = {isa = PBXFileReference; lastKnownFileType = text.plist.xml; path = Info.plist; sourceTree = "<group>"; };
		4E090A681F8E5B47005179F8 /* CornerRadius.swift */ = {isa = PBXFileReference; lastKnownFileType = sourcecode.swift; path = CornerRadius.swift; sourceTree = "<group>"; };
/* End PBXFileReference section */

/* Begin PBXFrameworksBuildPhase section */
		4E090A331F8E57F5005179F8 /* Frameworks */ = {
			isa = PBXFrameworksBuildPhase;
			buildActionMask = 2147483647;
			files = (
			);
			runOnlyForDeploymentPostprocessing = 0;
		};
		4E090A471F8E57F5005179F8 /* Frameworks */ = {
			isa = PBXFrameworksBuildPhase;
			buildActionMask = 2147483647;
			files = (
			);
			runOnlyForDeploymentPostprocessing = 0;
		};
		4E090A521F8E57F5005179F8 /* Frameworks */ = {
			isa = PBXFrameworksBuildPhase;
			buildActionMask = 2147483647;
			files = (
			);
			runOnlyForDeploymentPostprocessing = 0;
		};
/* End PBXFrameworksBuildPhase section */

/* Begin PBXGroup section */
		4E090A2D1F8E57F5005179F8 = {
			isa = PBXGroup;
			children = (
				4E090A381F8E57F5005179F8 /* dev-profile */,
				4E090A4D1F8E57F5005179F8 /* dev-profileTests */,
				4E090A581F8E57F5005179F8 /* dev-profileUITests */,
				4E090A371F8E57F5005179F8 /* Products */,
			);
			sourceTree = "<group>";
		};
		4E090A371F8E57F5005179F8 /* Products */ = {
			isa = PBXGroup;
			children = (
				4E090A361F8E57F5005179F8 /* dev-profile.app */,
				4E090A4A1F8E57F5005179F8 /* dev-profileTests.xctest */,
				4E090A551F8E57F5005179F8 /* dev-profileUITests.xctest */,
			);
			name = Products;
			sourceTree = "<group>";
		};
		4E090A381F8E57F5005179F8 /* dev-profile */ = {
			isa = PBXGroup;
			children = (
				4E090A671F8E5B27005179F8 /* View */,
				4E090A391F8E57F5005179F8 /* AppDelegate.swift */,
				4E090A3B1F8E57F5005179F8 /* ViewController.swift */,
				4E090A3D1F8E57F5005179F8 /* Main.storyboard */,
				4E090A401F8E57F5005179F8 /* Assets.xcassets */,
				4E090A421F8E57F5005179F8 /* LaunchScreen.storyboard */,
				4E090A451F8E57F5005179F8 /* Info.plist */,
			);
			path = "dev-profile";
			sourceTree = "<group>";
		};
		4E090A4D1F8E57F5005179F8 /* dev-profileTests */ = {
			isa = PBXGroup;
			children = (
				4E090A4E1F8E57F5005179F8 /* dev_profileTests.swift */,
				4E090A501F8E57F5005179F8 /* Info.plist */,
			);
			path = "dev-profileTests";
			sourceTree = "<group>";
		};
		4E090A581F8E57F5005179F8 /* dev-profileUITests */ = {
			isa = PBXGroup;
			children = (
				4E090A591F8E57F5005179F8 /* dev_profileUITests.swift */,
				4E090A5B1F8E57F5005179F8 /* Info.plist */,
			);
			path = "dev-profileUITests";
			sourceTree = "<group>";
		};
		4E090A671F8E5B27005179F8 /* View */ = {
			isa = PBXGroup;
			children = (
				4E090A681F8E5B47005179F8 /* CornerRadius.swift */,
			);
			path = View;
			sourceTree = "<group>";
		};
/* End PBXGroup section */

/* Begin PBXNativeTarget section */
		4E090A351F8E57F5005179F8 /* dev-profile */ = {
			isa = PBXNativeTarget;
			buildConfigurationList = 4E090A5E1F8E57F5005179F8 /* Build configuration list for PBXNativeTarget "dev-profile" */;
			buildPhases = (
				4E090A321F8E57F5005179F8 /* Sources */,
				4E090A331F8E57F5005179F8 /* Frameworks */,
				4E090A341F8E57F5005179F8 /* Resources */,
			);
			buildRules = (
			);
			dependencies = (
			);
			name = "dev-profile";
			productName = "dev-profile";
			productReference = 4E090A361F8E57F5005179F8 /* dev-profile.app */;
			productType = "com.apple.product-type.application";
		};
		4E090A491F8E57F5005179F8 /* dev-profileTests */ = {
			isa = PBXNativeTarget;
			buildConfigurationList = 4E090A611F8E57F5005179F8 /* Build configuration list for PBXNativeTarget "dev-profileTests" */;
			buildPhases = (
				4E090A461F8E57F5005179F8 /* Sources */,
				4E090A471F8E57F5005179F8 /* Frameworks */,
				4E090A481F8E57F5005179F8 /* Resources */,
			);
			buildRules = (
			);
			dependencies = (
				4E090A4C1F8E57F5005179F8 /* PBXTargetDependency */,
			);
			name = "dev-profileTests";
			productName = "dev-profileTests";
			productReference = 4E090A4A1F8E57F5005179F8 /* dev-profileTests.xctest */;
			productType = "com.apple.product-type.bundle.unit-test";
		};
		4E090A541F8E57F5005179F8 /* dev-profileUITests */ = {
			isa = PBXNativeTarget;
			buildConfigurationList = 4E090A641F8E57F5005179F8 /* Build configuration list for PBXNativeTarget "dev-profileUITests" */;
			buildPhases = (
				4E090A511F8E57F5005179F8 /* Sources */,
				4E090A521F8E57F5005179F8 /* Frameworks */,
				4E090A531F8E57F5005179F8 /* Resources */,
			);
			buildRules = (
			);
			dependencies = (
				4E090A571F8E57F5005179F8 /* PBXTargetDependency */,
			);
			name = "dev-profileUITests";
			productName = "dev-profileUITests";
			productReference = 4E090A551F8E57F5005179F8 /* dev-profileUITests.xctest */;
			productType = "com.apple.product-type.bundle.ui-testing";
		};
/* End PBXNativeTarget section */

/* Begin PBXProject section */
		4E090A2E1F8E57F5005179F8 /* Project object */ = {
			isa = PBXProject;
			attributes = {
				LastSwiftUpdateCheck = 0900;
				LastUpgradeCheck = 0900;
				ORGANIZATIONNAME = "Mehmet Alper Duran";
				TargetAttributes = {
					4E090A351F8E57F5005179F8 = {
						CreatedOnToolsVersion = 9.0;
						ProvisioningStyle = Automatic;
					};
					4E090A491F8E57F5005179F8 = {
						CreatedOnToolsVersion = 9.0;
						ProvisioningStyle = Automatic;
						TestTargetID = 4E090A351F8E57F5005179F8;
					};
					4E090A541F8E57F5005179F8 = {
						CreatedOnToolsVersion = 9.0;
						ProvisioningStyle = Automatic;
						TestTargetID = 4E090A351F8E57F5005179F8;
					};
				};
			};
			buildConfigurationList = 4E090A311F8E57F5005179F8 /* Build configuration list for PBXProject "dev-profile" */;
			compatibilityVersion = "Xcode 8.0";
			developmentRegion = en;
			hasScannedForEncodings = 0;
			knownRegions = (
				en,
				Base,
			);
			mainGroup = 4E090A2D1F8E57F5005179F8;
			productRefGroup = 4E090A371F8E57F5005179F8 /* Products */;
			projectDirPath = "";
			projectRoot = "";
			targets = (
				4E090A351F8E57F5005179F8 /* dev-profile */,
				4E090A491F8E57F5005179F8 /* dev-profileTests */,
				4E090A541F8E57F5005179F8 /* dev-profileUITests */,
			);
		};
/* End PBXProject section */

/* Begin PBXResourcesBuildPhase section */
		4E090A341F8E57F5005179F8 /* Resources */ = {
			isa = PBXResourcesBuildPhase;
			buildActionMask = 2147483647;
			files = (
				4E090A441F8E57F5005179F8 /* LaunchScreen.storyboard in Resources */,
				4E090A411F8E57F5005179F8 /* Assets.xcassets in Resources */,
				4E090A3F1F8E57F5005179F8 /* Main.storyboard in Resources */,
			);
			runOnlyForDeploymentPostprocessing = 0;
		};
		4E090A481F8E57F5005179F8 /* Resources */ = {
			isa = PBXResourcesBuildPhase;
			buildActionMask = 2147483647;
			files = (
			);
			runOnlyForDeploymentPostprocessing = 0;
		};
		4E090A531F8E57F5005179F8 /* Resources */ = {
			isa = PBXResourcesBuildPhase;
			buildActionMask = 2147483647;
			files = (
			);
			runOnlyForDeploymentPostprocessing = 0;
		};
/* End PBXResourcesBuildPhase section */

/* Begin PBXSourcesBuildPhase section */
		4E090A321F8E57F5005179F8 /* Sources */ = {
			isa = PBXSourcesBuildPhase;
			buildActionMask = 2147483647;
			files = (
				4E090A3C1F8E57F5005179F8 /* ViewController.swift in Sources */,
				4E090A3A1F8E57F5005179F8 /* AppDelegate.swift in Sources */,
				4E090A691F8E5B47005179F8 /* CornerRadius.swift in Sources */,
			);
			runOnlyForDeploymentPostprocessing = 0;
		};
		4E090A461F8E57F5005179F8 /* Sources */ = {
			isa = PBXSourcesBuildPhase;
			buildActionMask = 2147483647;
			files = (
				4E090A4F1F8E57F5005179F8 /* dev_profileTests.swift in Sources */,
			);
			runOnlyForDeploymentPostprocessing = 0;
		};
		4E090A511F8E57F5005179F8 /* Sources */ = {
			isa = PBXSourcesBuildPhase;
			buildActionMask = 2147483647;
			files = (
				4E090A5A1F8E57F5005179F8 /* dev_profileUITests.swift in Sources */,
			);
			runOnlyForDeploymentPostprocessing = 0;
		};
/* End PBXSourcesBuildPhase section */

/* Begin PBXTargetDependency section */
		4E090A4C1F8E57F5005179F8 /* PBXTargetDependency */ = {
			isa = PBXTargetDependency;
			target = 4E090A351F8E57F5005179F8 /* dev-profile */;
			targetProxy = 4E090A4B1F8E57F5005179F8 /* PBXContainerItemProxy */;
		};
		4E090A571F8E57F5005179F8 /* PBXTargetDependency */ = {
			isa = PBXTargetDependency;
			target = 4E090A351F8E57F5005179F8 /* dev-profile */;
			targetProxy = 4E090A561F8E57F5005179F8 /* PBXContainerItemProxy */;
		};
/* End PBXTargetDependency section */

/* Begin PBXVariantGroup section */
		4E090A3D1F8E57F5005179F8 /* Main.storyboard */ = {
			isa = PBXVariantGroup;
			children = (
				4E090A3E1F8E57F5005179F8 /* Base */,
			);
			name = Main.storyboard;
			sourceTree = "<group>";
		};
		4E090A421F8E57F5005179F8 /* LaunchScreen.storyboard */ = {
			isa = PBXVariantGroup;
			children = (
				4E090A431F8E57F5005179F8 /* Base */,
			);
			name = LaunchScreen.storyboard;
			sourceTree = "<group>";
		};
/* End PBXVariantGroup section */

/* Begin XCBuildConfiguration section */
		4E090A5C1F8E57F5005179F8 /* Debug */ = {
			isa = XCBuildConfiguration;
			buildSettings = {
				ALWAYS_SEARCH_USER_PATHS = NO;
				CLANG_ANALYZER_NONNULL = YES;
				CLANG_ANALYZER_NUMBER_OBJECT_CONVERSION = YES_AGGRESSIVE;
				CLANG_CXX_LANGUAGE_STANDARD = "gnu++14";
				CLANG_CXX_LIBRARY = "libc++";
				CLANG_ENABLE_MODULES = YES;
				CLANG_ENABLE_OBJC_ARC = YES;
				CLANG_WARN_BLOCK_CAPTURE_AUTORELEASING = YES;
				CLANG_WARN_BOOL_CONVERSION = YES;
				CLANG_WARN_COMMA = YES;
				CLANG_WARN_CONSTANT_CONVERSION = YES;
				CLANG_WARN_DIRECT_OBJC_ISA_USAGE = YES_ERROR;
				CLANG_WARN_DOCUMENTATION_COMMENTS = YES;
				CLANG_WARN_EMPTY_BODY = YES;
				CLANG_WARN_ENUM_CONVERSION = YES;
				CLANG_WARN_INFINITE_RECURSION = YES;
				CLANG_WARN_INT_CONVERSION = YES;
				CLANG_WARN_NON_LITERAL_NULL_CONVERSION = YES;
				CLANG_WARN_OBJC_LITERAL_CONVERSION = YES;
				CLANG_WARN_OBJC_ROOT_CLASS = YES_ERROR;
				CLANG_WARN_RANGE_LOOP_ANALYSIS = YES;
				CLANG_WARN_STRICT_PROTOTYPES = YES;
				CLANG_WARN_SUSPICIOUS_MOVE = YES;
				CLANG_WARN_UNGUARDED_AVAILABILITY = YES_AGGRESSIVE;
				CLANG_WARN_UNREACHABLE_CODE = YES;
				CLANG_WARN__DUPLICATE_METHOD_MATCH = YES;
				CODE_SIGN_IDENTITY = "iPhone Developer";
				COPY_PHASE_STRIP = NO;
				DEBUG_INFORMATION_FORMAT = dwarf;
				ENABLE_STRICT_OBJC_MSGSEND = YES;
				ENABLE_TESTABILITY = YES;
				GCC_C_LANGUAGE_STANDARD = gnu11;
				GCC_DYNAMIC_NO_PIC = NO;
				GCC_NO_COMMON_BLOCKS = YES;
				GCC_OPTIMIZATION_LEVEL = 0;
				GCC_PREPROCESSOR_DEFINITIONS = (
					"DEBUG=1",
					"$(inherited)",
				);
				GCC_WARN_64_TO_32_BIT_CONVERSION = YES;
				GCC_WARN_ABOUT_RETURN_TYPE = YES_ERROR;
				GCC_WARN_UNDECLARED_SELECTOR = YES;
				GCC_WARN_UNINITIALIZED_AUTOS = YES_AGGRESSIVE;
				GCC_WARN_UNUSED_FUNCTION = YES;
				GCC_WARN_UNUSED_VARIABLE = YES;
				IPHONEOS_DEPLOYMENT_TARGET = 11.0;
				MTL_ENABLE_DEBUG_INFO = YES;
				ONLY_ACTIVE_ARCH = YES;
				SDKROOT = iphoneos;
				SWIFT_ACTIVE_COMPILATION_CONDITIONS = DEBUG;
				SWIFT_OPTIMIZATION_LEVEL = "-Onone";
			};
			name = Debug;
		};
		4E090A5D1F8E57F5005179F8 /* Release */ = {
			isa = XCBuildConfiguration;
			buildSettings = {
				ALWAYS_SEARCH_USER_PATHS = NO;
				CLANG_ANALYZER_NONNULL = YES;
				CLANG_ANALYZER_NUMBER_OBJECT_CONVERSION = YES_AGGRESSIVE;
				CLANG_CXX_LANGUAGE_STANDARD = "gnu++14";
				CLANG_CXX_LIBRARY = "libc++";
				CLANG_ENABLE_MODULES = YES;
				CLANG_ENABLE_OBJC_ARC = YES;
				CLANG_WARN_BLOCK_CAPTURE_AUTORELEASING = YES;
				CLANG_WARN_BOOL_CONVERSION = YES;
				CLANG_WARN_COMMA = YES;
				CLANG_WARN_CONSTANT_CONVERSION = YES;
				CLANG_WARN_DIRECT_OBJC_ISA_USAGE = YES_ERROR;
				CLANG_WARN_DOCUMENTATION_COMMENTS = YES;
				CLANG_WARN_EMPTY_BODY = YES;
				CLANG_WARN_ENUM_CONVERSION = YES;
				CLANG_WARN_INFINITE_RECURSION = YES;
				CLANG_WARN_INT_CONVERSION = YES;
				CLANG_WARN_NON_LITERAL_NULL_CONVERSION = YES;
				CLANG_WARN_OBJC_LITERAL_CONVERSION = YES;
				CLANG_WARN_OBJC_ROOT_CLASS = YES_ERROR;
				CLANG_WARN_RANGE_LOOP_ANALYSIS = YES;
				CLANG_WARN_STRICT_PROTOTYPES = YES;
				CLANG_WARN_SUSPICIOUS_MOVE = YES;
				CLANG_WARN_UNGUARDED_AVAILABILITY = YES_AGGRESSIVE;
				CLANG_WARN_UNREACHABLE_CODE = YES;
				CLANG_WARN__DUPLICATE_METHOD_MATCH = YES;
				CODE_SIGN_IDENTITY = "iPhone Developer";
				COPY_PHASE_STRIP = NO;
				DEBUG_INFORMATION_FORMAT = "dwarf-with-dsym";
				ENABLE_NS_ASSERTIONS = NO;
				ENABLE_STRICT_OBJC_MSGSEND = YES;
				GCC_C_LANGUAGE_STANDARD = gnu11;
				GCC_NO_COMMON_BLOCKS = YES;
				GCC_WARN_64_TO_32_BIT_CONVERSION = YES;
				GCC_WARN_ABOUT_RETURN_TYPE = YES_ERROR;
				GCC_WARN_UNDECLARED_SELECTOR = YES;
				GCC_WARN_UNINITIALIZED_AUTOS = YES_AGGRESSIVE;
				GCC_WARN_UNUSED_FUNCTION = YES;
				GCC_WARN_UNUSED_VARIABLE = YES;
				IPHONEOS_DEPLOYMENT_TARGET = 11.0;
				MTL_ENABLE_DEBUG_INFO = NO;
				SDKROOT = iphoneos;
				SWIFT_OPTIMIZATION_LEVEL = "-Owholemodule";
				VALIDATE_PRODUCT = YES;
			};
			name = Release;
		};
		4E090A5F1F8E57F5005179F8 /* Debug */ = {
			isa = XCBuildConfiguration;
			buildSettings = {
				ASSETCATALOG_COMPILER_APPICON_NAME = AppIcon;
				CODE_SIGN_STYLE = Automatic;
				DEVELOPMENT_TEAM = 37QP5GQ5Y3;
				INFOPLIST_FILE = "dev-profile/Info.plist";
				LD_RUNPATH_SEARCH_PATHS = "$(inherited) @executable_path/Frameworks";
				PRODUCT_BUNDLE_IDENTIFIER = "com.217.dev-profile";
				PRODUCT_NAME = "$(TARGET_NAME)";
				SWIFT_VERSION = 4.0;
				TARGETED_DEVICE_FAMILY = "1,2";
			};
			name = Debug;
		};
		4E090A601F8E57F5005179F8 /* Release */ = {
			isa = XCBuildConfiguration;
			buildSettings = {
				ASSETCATALOG_COMPILER_APPICON_NAME = AppIcon;
				CODE_SIGN_STYLE = Automatic;
				DEVELOPMENT_TEAM = 37QP5GQ5Y3;
				INFOPLIST_FILE = "dev-profile/Info.plist";
				LD_RUNPATH_SEARCH_PATHS = "$(inherited) @executable_path/Frameworks";
				PRODUCT_BUNDLE_IDENTIFIER = "com.217.dev-profile";
				PRODUCT_NAME = "$(TARGET_NAME)";
				SWIFT_VERSION = 4.0;
				TARGETED_DEVICE_FAMILY = "1,2";
			};
			name = Release;
		};
		4E090A621F8E57F5005179F8 /* Debug */ = {
			isa = XCBuildConfiguration;
			buildSettings = {
				ALWAYS_EMBED_SWIFT_STANDARD_LIBRARIES = YES;
				BUNDLE_LOADER = "$(TEST_HOST)";
				CODE_SIGN_STYLE = Automatic;
				DEVELOPMENT_TEAM = 37QP5GQ5Y3;
				INFOPLIST_FILE = "dev-profileTests/Info.plist";
				LD_RUNPATH_SEARCH_PATHS = "$(inherited) @executable_path/Frameworks @loader_path/Frameworks";
				PRODUCT_BUNDLE_IDENTIFIER = "com.217.dev-profileTests";
				PRODUCT_NAME = "$(TARGET_NAME)";
				SWIFT_VERSION = 4.0;
				TARGETED_DEVICE_FAMILY = "1,2";
				TEST_HOST = "$(BUILT_PRODUCTS_DIR)/dev-profile.app/dev-profile";
			};
			name = Debug;
		};
		4E090A631F8E57F5005179F8 /* Release */ = {
			isa = XCBuildConfiguration;
			buildSettings = {
				ALWAYS_EMBED_SWIFT_STANDARD_LIBRARIES = YES;
				BUNDLE_LOADER = "$(TEST_HOST)";
				CODE_SIGN_STYLE = Automatic;
				DEVELOPMENT_TEAM = 37QP5GQ5Y3;
				INFOPLIST_FILE = "dev-profileTests/Info.plist";
				LD_RUNPATH_SEARCH_PATHS = "$(inherited) @executable_path/Frameworks @loader_path/Frameworks";
				PRODUCT_BUNDLE_IDENTIFIER = "com.217.dev-profileTests";
				PRODUCT_NAME = "$(TARGET_NAME)";
				SWIFT_VERSION = 4.0;
				TARGETED_DEVICE_FAMILY = "1,2";
				TEST_HOST = "$(BUILT_PRODUCTS_DIR)/dev-profile.app/dev-profile";
			};
			name = Release;
		};
		4E090A651F8E57F5005179F8 /* Debug */ = {
			isa = XCBuildConfiguration;
			buildSettings = {
				ALWAYS_EMBED_SWIFT_STANDARD_LIBRARIES = YES;
				CODE_SIGN_STYLE = Automatic;
				DEVELOPMENT_TEAM = 37QP5GQ5Y3;
				INFOPLIST_FILE = "dev-profileUITests/Info.plist";
				LD_RUNPATH_SEARCH_PATHS = "$(inherited) @executable_path/Frameworks @loader_path/Frameworks";
				PRODUCT_BUNDLE_IDENTIFIER = "com.217.dev-profileUITests";
				PRODUCT_NAME = "$(TARGET_NAME)";
				SWIFT_VERSION = 4.0;
				TARGETED_DEVICE_FAMILY = "1,2";
				TEST_TARGET_NAME = "dev-profile";
			};
			name = Debug;
		};
		4E090A661F8E57F5005179F8 /* Release */ = {
			isa = XCBuildConfiguration;
			buildSettings = {
				ALWAYS_EMBED_SWIFT_STANDARD_LIBRARIES = YES;
				CODE_SIGN_STYLE = Automatic;
				DEVELOPMENT_TEAM = 37QP5GQ5Y3;
				INFOPLIST_FILE = "dev-profileUITests/Info.plist";
				LD_RUNPATH_SEARCH_PATHS = "$(inherited) @executable_path/Frameworks @loader_path/Frameworks";
				PRODUCT_BUNDLE_IDENTIFIER = "com.217.dev-profileUITests";
				PRODUCT_NAME = "$(TARGET_NAME)";
				SWIFT_VERSION = 4.0;
				TARGETED_DEVICE_FAMILY = "1,2";
				TEST_TARGET_NAME = "dev-profile";
			};
			name = Release;
		};
/* End XCBuildConfiguration section */

/* Begin XCConfigurationList section */
		4E090A311F8E57F5005179F8 /* Build configuration list for PBXProject "dev-profile" */ = {
			isa = XCConfigurationList;
			buildConfigurations = (
				4E090A5C1F8E57F5005179F8 /* Debug */,
				4E090A5D1F8E57F5005179F8 /* Release */,
			);
			defaultConfigurationIsVisible = 0;
			defaultConfigurationName = Release;
		};
		4E090A5E1F8E57F5005179F8 /* Build configuration list for PBXNativeTarget "dev-profile" */ = {
			isa = XCConfigurationList;
			buildConfigurations = (
				4E090A5F1F8E57F5005179F8 /* Debug */,
				4E090A601F8E57F5005179F8 /* Release */,
			);
			defaultConfigurationIsVisible = 0;
			defaultConfigurationName = Release;
		};
		4E090A611F8E57F5005179F8 /* Build configuration list for PBXNativeTarget "dev-profileTests" */ = {
			isa = XCConfigurationList;
			buildConfigurations = (
				4E090A621F8E57F5005179F8 /* Debug */,
				4E090A631F8E57F5005179F8 /* Release */,
			);
			defaultConfigurationIsVisible = 0;
			defaultConfigurationName = Release;
		};
		4E090A641F8E57F5005179F8 /* Build configuration list for PBXNativeTarget "dev-profileUITests" */ = {
			isa = XCConfigurationList;
			buildConfigurations = (
				4E090A651F8E57F5005179F8 /* Debug */,
				4E090A661F8E57F5005179F8 /* Release */,
			);
			defaultConfigurationIsVisible = 0;
			defaultConfigurationName = Release;
		};
/* End XCConfigurationList section */
	};
	rootObject = 4E090A2E1F8E57F5005179F8 /* Project object */;
}
